
Microsoft Visual Studio Solution File, Format Version 12.00
# Visual Studio 15
VisualStudioVersion = 15.0.28010.2046
MinimumVisualStudioVersion = 10.0.40219.1
Project("{FAE04EC0-301F-11D3-BF4B-00C04F79EFBC}") = "Harp.Dependencies", "Harp.Dependencies\Harp.Dependencies.csproj", "{F083FD2B-5A9A-42AE-A14F-28F07B34A6F3}"
EndProject
Global
	GlobalSection(SolutionConfigurationPlatforms) = preSolution
		Debug|Any CPU = Debug|Any CPU
		Release|Any CPU = Release|Any CPU
	EndGlobalSection
	GlobalSection(ProjectConfigurationPlatforms) = postSolution
		{F083FD2B-5A9A-42AE-A14F-28F07B34A6F3}.Debug|Any CPU.ActiveCfg = Debug|Any CPU
		{F083FD2B-5A9A-42AE-A14F-28F07B34A6F3}.Debug|Any CPU.Build.0 = Debug|Any CPU
		{F083FD2B-5A9A-42AE-A14F-28F07B34A6F3}.Release|Any CPU.ActiveCfg = Release|Any CPU
		{F083FD2B-5A9A-42AE-A14F-28F07B34A6F3}.Release|Any CPU.Build.0 = Release|Any CPU
	EndGlobalSection
	GlobalSection(SolutionProperties) = preSolution
		HideSolutionNode = FALSE
	EndGlobalSection
	GlobalSection(ExtensibilityGlobals) = postSolution
		SolutionGuid = {6142A5F6-1F2B-4FB3-918A-181DC1ABBB74}
	EndGlobalSection
EndGlobal
